
Microsoft Visual Studio Solution File, Format Version 12.00
# Visual Studio 2013
VisualStudioVersion = 12.0.20617.1 PREVIEW
MinimumVisualStudioVersion = 10.0.40219.1
Project("{FAE04EC0-301F-11D3-BF4B-00C04F79EFBC}") = "1 – Math Expression", "1 – Math Expression\1 – Math Expression.csproj", "{0CE3C6D9-2F3A-4F9B-9BEF-883E784B63C5}"
EndProject
Project("{FAE04EC0-301F-11D3-BF4B-00C04F79EFBC}") = "2 – Least Majority Multiple", "2 – Least Majority Multiple\2 – Least Majority Multiple.csproj", "{B967BA27-DE0B-45CB-BE7B-006C3D0F479C}"
EndProject
Project("{FAE04EC0-301F-11D3-BF4B-00C04F79EFBC}") = "3 – Trapezoid", "3 – Trapezoid\3 – Trapezoid.csproj", "{6EC8F55F-0507-4AE4-B490-FEB8F190EFAB}"
EndProject
Project("{FAE04EC0-301F-11D3-BF4B-00C04F79EFBC}") = "4 – Odd Number", "4 – Odd Number\4 – Odd Number.csproj", "{71C393F8-9FE1-4B5C-83E6-DE0C0F616E49}"
EndProject
Project("{FAE04EC0-301F-11D3-BF4B-00C04F79EFBC}") = "5 - Fall Down", "5 - Fall Down\5 - Fall Down.csproj", "{970AC857-8CBE-40A3-836A-60AD7F9B0917}"
EndProject
Global
	GlobalSection(SolutionConfigurationPlatforms) = preSolution
		Debug|Any CPU = Debug|Any CPU
		Release|Any CPU = Release|Any CPU
	EndGlobalSection
	GlobalSection(ProjectConfigurationPlatforms) = postSolution
		{0CE3C6D9-2F3A-4F9B-9BEF-883E784B63C5}.Debug|Any CPU.ActiveCfg = Debug|Any CPU
		{0CE3C6D9-2F3A-4F9B-9BEF-883E784B63C5}.Debug|Any CPU.Build.0 = Debug|Any CPU
		{0CE3C6D9-2F3A-4F9B-9BEF-883E784B63C5}.Release|Any CPU.ActiveCfg = Release|Any CPU
		{0CE3C6D9-2F3A-4F9B-9BEF-883E784B63C5}.Release|Any CPU.Build.0 = Release|Any CPU
		{B967BA27-DE0B-45CB-BE7B-006C3D0F479C}.Debug|Any CPU.ActiveCfg = Debug|Any CPU
		{B967BA27-DE0B-45CB-BE7B-006C3D0F479C}.Debug|Any CPU.Build.0 = Debug|Any CPU
		{B967BA27-DE0B-45CB-BE7B-006C3D0F479C}.Release|Any CPU.ActiveCfg = Release|Any CPU
		{B967BA27-DE0B-45CB-BE7B-006C3D0F479C}.Release|Any CPU.Build.0 = Release|Any CPU
		{6EC8F55F-0507-4AE4-B490-FEB8F190EFAB}.Debug|Any CPU.ActiveCfg = Debug|Any CPU
		{6EC8F55F-0507-4AE4-B490-FEB8F190EFAB}.Debug|Any CPU.Build.0 = Debug|Any CPU
		{6EC8F55F-0507-4AE4-B490-FEB8F190EFAB}.Release|Any CPU.ActiveCfg = Release|Any CPU
		{6EC8F55F-0507-4AE4-B490-FEB8F190EFAB}.Release|Any CPU.Build.0 = Release|Any CPU
		{71C393F8-9FE1-4B5C-83E6-DE0C0F616E49}.Debug|Any CPU.ActiveCfg = Debug|Any CPU
		{71C393F8-9FE1-4B5C-83E6-DE0C0F616E49}.Debug|Any CPU.Build.0 = Debug|Any CPU
		{71C393F8-9FE1-4B5C-83E6-DE0C0F616E49}.Release|Any CPU.ActiveCfg = Release|Any CPU
		{71C393F8-9FE1-4B5C-83E6-DE0C0F616E49}.Release|Any CPU.Build.0 = Release|Any CPU
		{970AC857-8CBE-40A3-836A-60AD7F9B0917}.Debug|Any CPU.ActiveCfg = Debug|Any CPU
		{970AC857-8CBE-40A3-836A-60AD7F9B0917}.Debug|Any CPU.Build.0 = Debug|Any CPU
		{970AC857-8CBE-40A3-836A-60AD7F9B0917}.Release|Any CPU.ActiveCfg = Release|Any CPU
		{970AC857-8CBE-40A3-836A-60AD7F9B0917}.Release|Any CPU.Build.0 = Release|Any CPU
	EndGlobalSection
	GlobalSection(SolutionProperties) = preSolution
		HideSolutionNode = FALSE
	EndGlobalSection
EndGlobal
